
Microsoft Visual Studio Solution File, Format Version 12.00
# Visual Studio Version 17
VisualStudioVersion = 17.9.34616.47
MinimumVisualStudioVersion = 10.0.40219.1
Project("{FAE04EC0-301F-11D3-BF4B-00C04F79EFBC}") = "FormulaCuadraticaMvvm", "FormulaCuadraticaMvvm\FormulaCuadraticaMvvm.csproj", "{FB05552D-A94F-4633-89BC-671538B4B00E}"
EndProject
Global
	GlobalSection(SolutionConfigurationPlatforms) = preSolution
		Debug|Any CPU = Debug|Any CPU
		Release|Any CPU = Release|Any CPU
	EndGlobalSection
	GlobalSection(ProjectConfigurationPlatforms) = postSolution
		{FB05552D-A94F-4633-89BC-671538B4B00E}.Debug|Any CPU.ActiveCfg = Debug|Any CPU
		{FB05552D-A94F-4633-89BC-671538B4B00E}.Debug|Any CPU.Build.0 = Debug|Any CPU
		{FB05552D-A94F-4633-89BC-671538B4B00E}.Debug|Any CPU.Deploy.0 = Debug|Any CPU
		{FB05552D-A94F-4633-89BC-671538B4B00E}.Release|Any CPU.ActiveCfg = Release|Any CPU
		{FB05552D-A94F-4633-89BC-671538B4B00E}.Release|Any CPU.Build.0 = Release|Any CPU
		{FB05552D-A94F-4633-89BC-671538B4B00E}.Release|Any CPU.Deploy.0 = Release|Any CPU
	EndGlobalSection
	GlobalSection(SolutionProperties) = preSolution
		HideSolutionNode = FALSE
	EndGlobalSection
	GlobalSection(ExtensibilityGlobals) = postSolution
		SolutionGuid = {39BCD8E6-6115-4370-9E53-E52F71DB7054}
	EndGlobalSection
EndGlobal
